
Microsoft Visual Studio Solution File, Format Version 12.00
# Visual Studio Version 17
VisualStudioVersion = 17.14.36109.1 d17.14
MinimumVisualStudioVersion = 10.0.40219.1
Project("{FAE04EC0-301F-11D3-BF4B-00C04F79EFBC}") = "Vasic Project", "Vasic Project\Vasic Project.csproj", "{7A29E299-4017-4296-9695-657A716F23D7}"
EndProject
Global
	GlobalSection(SolutionConfigurationPlatforms) = preSolution
		Debug|Any CPU = Debug|Any CPU
		Release|Any CPU = Release|Any CPU
	EndGlobalSection
	GlobalSection(ProjectConfigurationPlatforms) = postSolution
		{7A29E299-4017-4296-9695-657A716F23D7}.Debug|Any CPU.ActiveCfg = Debug|Any CPU
		{7A29E299-4017-4296-9695-657A716F23D7}.Debug|Any CPU.Build.0 = Debug|Any CPU
		{7A29E299-4017-4296-9695-657A716F23D7}.Release|Any CPU.ActiveCfg = Release|Any CPU
		{7A29E299-4017-4296-9695-657A716F23D7}.Release|Any CPU.Build.0 = Release|Any CPU
	EndGlobalSection
	GlobalSection(SolutionProperties) = preSolution
		HideSolutionNode = FALSE
	EndGlobalSection
	GlobalSection(ExtensibilityGlobals) = postSolution
		SolutionGuid = {52EE9ADA-12C4-43F2-861E-A6B9CBD04C67}
	EndGlobalSection
EndGlobal
